
Microsoft Visual Studio Solution File, Format Version 12.00
# Visual Studio Version 17
VisualStudioVersion = 17.14.36414.22 d17.14
MinimumVisualStudioVersion = 10.0.40219.1
Project("{FAE04EC0-301F-11D3-BF4B-00C04F79EFBC}") = "LMS.Domain", "LMS.Domain\LMS.Domain.csproj", "{D1F56859-79C4-4CDB-A141-D512599F1A1A}"
EndProject
Project("{FAE04EC0-301F-11D3-BF4B-00C04F79EFBC}") = "LMS.Application", "LMS.Application\LMS.Application.csproj", "{59A8B279-FE3B-490B-B8A1-C1DFA44786E0}"
EndProject
Project("{FAE04EC0-301F-11D3-BF4B-00C04F79EFBC}") = "LMS.Infrastructure", "LMS.Infrastructure\LMS.Infrastructure.csproj", "{2B92A8D8-4862-4547-BF8E-64F61C450DAB}"
EndProject
Project("{FAE04EC0-301F-11D3-BF4B-00C04F79EFBC}") = "LMS.API", "LMS.API\LMS.API.csproj", "{F0F51891-A84B-4ADE-AA3F-8D134652AA3F}"
EndProject
Project("{FAE04EC0-301F-11D3-BF4B-00C04F79EFBC}") = "LMS.Web", "LMS.Web\LMS.Web.csproj", "{F5D75A87-0B49-4122-9905-6A6813734634}"
EndProject
Global
	GlobalSection(SolutionConfigurationPlatforms) = preSolution
		Debug|Any CPU = Debug|Any CPU
		Release|Any CPU = Release|Any CPU
	EndGlobalSection
	GlobalSection(ProjectConfigurationPlatforms) = postSolution
		{D1F56859-79C4-4CDB-A141-D512599F1A1A}.Debug|Any CPU.ActiveCfg = Debug|Any CPU
		{D1F56859-79C4-4CDB-A141-D512599F1A1A}.Debug|Any CPU.Build.0 = Debug|Any CPU
		{D1F56859-79C4-4CDB-A141-D512599F1A1A}.Release|Any CPU.ActiveCfg = Release|Any CPU
		{D1F56859-79C4-4CDB-A141-D512599F1A1A}.Release|Any CPU.Build.0 = Release|Any CPU
		{59A8B279-FE3B-490B-B8A1-C1DFA44786E0}.Debug|Any CPU.ActiveCfg = Debug|Any CPU
		{59A8B279-FE3B-490B-B8A1-C1DFA44786E0}.Debug|Any CPU.Build.0 = Debug|Any CPU
		{59A8B279-FE3B-490B-B8A1-C1DFA44786E0}.Release|Any CPU.ActiveCfg = Release|Any CPU
		{59A8B279-FE3B-490B-B8A1-C1DFA44786E0}.Release|Any CPU.Build.0 = Release|Any CPU
		{2B92A8D8-4862-4547-BF8E-64F61C450DAB}.Debug|Any CPU.ActiveCfg = Debug|Any CPU
		{2B92A8D8-4862-4547-BF8E-64F61C450DAB}.Debug|Any CPU.Build.0 = Debug|Any CPU
		{2B92A8D8-4862-4547-BF8E-64F61C450DAB}.Release|Any CPU.ActiveCfg = Release|Any CPU
		{2B92A8D8-4862-4547-BF8E-64F61C450DAB}.Release|Any CPU.Build.0 = Release|Any CPU
		{F0F51891-A84B-4ADE-AA3F-8D134652AA3F}.Debug|Any CPU.ActiveCfg = Debug|Any CPU
		{F0F51891-A84B-4ADE-AA3F-8D134652AA3F}.Debug|Any CPU.Build.0 = Debug|Any CPU
		{F0F51891-A84B-4ADE-AA3F-8D134652AA3F}.Release|Any CPU.ActiveCfg = Release|Any CPU
		{F0F51891-A84B-4ADE-AA3F-8D134652AA3F}.Release|Any CPU.Build.0 = Release|Any CPU
		{F5D75A87-0B49-4122-9905-6A6813734634}.Debug|Any CPU.ActiveCfg = Debug|Any CPU
		{F5D75A87-0B49-4122-9905-6A6813734634}.Debug|Any CPU.Build.0 = Debug|Any CPU
		{F5D75A87-0B49-4122-9905-6A6813734634}.Release|Any CPU.ActiveCfg = Release|Any CPU
		{F5D75A87-0B49-4122-9905-6A6813734634}.Release|Any CPU.Build.0 = Release|Any CPU
	EndGlobalSection
	GlobalSection(SolutionProperties) = preSolution
		HideSolutionNode = FALSE
	EndGlobalSection
	GlobalSection(ExtensibilityGlobals) = postSolution
		SolutionGuid = {859F5F3B-A820-40C6-B76A-41BD11D27C10}
	EndGlobalSection
EndGlobal
